
Microsoft Visual Studio Solution File, Format Version 12.00
# Visual Studio Version 17
VisualStudioVersion = 17.1.32210.238
MinimumVisualStudioVersion = 10.0.40219.1
Project("{888888A0-9F3D-457C-B088-3A5042F75D52}") = "port_scanner", "port_scanner\port_scanner.pyproj", "{5F2216A0-D79A-4BF0-964E-09296D47F3E3}"
EndProject
Global
	GlobalSection(SolutionConfigurationPlatforms) = preSolution
		Debug|Any CPU = Debug|Any CPU
		Release|Any CPU = Release|Any CPU
	EndGlobalSection
	GlobalSection(ProjectConfigurationPlatforms) = postSolution
		{5F2216A0-D79A-4BF0-964E-09296D47F3E3}.Debug|Any CPU.ActiveCfg = Debug|Any CPU
		{5F2216A0-D79A-4BF0-964E-09296D47F3E3}.Release|Any CPU.ActiveCfg = Release|Any CPU
	EndGlobalSection
	GlobalSection(SolutionProperties) = preSolution
		HideSolutionNode = FALSE
	EndGlobalSection
	GlobalSection(ExtensibilityGlobals) = postSolution
		SolutionGuid = {05E87105-3896-4E95-BA56-B23C1ED459CC}
	EndGlobalSection
EndGlobal
